// !$*UTF8*$!
{
	archiveVersion = 1;
	classes = {
	};
	objectVersion = 56;
	objects = {

/* Begin PBXBuildFile section */
		238D5B582BDDE355009DA564 /* Directions.png in Resources */ = {isa = PBXBuildFile; fileRef = 238D5B572BDDE355009DA564 /* Directions.png */; };
		238D5B5A2BDDE35E009DA564 /* ActiveIngredients.png in Resources */ = {isa = PBXBuildFile; fileRef = 238D5B592BDDE35E009DA564 /* ActiveIngredients.png */; };
		ABD044752BDDBAA500BD0FA4 /* SafeDoseApp.swift in Sources */ = {isa = PBXBuildFile; fileRef = ABD044742BDDBAA500BD0FA4 /* SafeDoseApp.swift */; };
		ABD044792BDDBAA600BD0FA4 /* Assets.xcassets in Resources */ = {isa = PBXBuildFile; fileRef = ABD044782BDDBAA600BD0FA4 /* Assets.xcassets */; };
		ABD0447C2BDDBAA600BD0FA4 /* Preview Assets.xcassets in Resources */ = {isa = PBXBuildFile; fileRef = ABD0447B2BDDBAA600BD0FA4 /* Preview Assets.xcassets */; };
		ABD044852BDDCCC500BD0FA4 /* RootView.swift in Sources */ = {isa = PBXBuildFile; fileRef = ABD044842BDDCCC500BD0FA4 /* RootView.swift */; };
		ABD044872BDDCDAA00BD0FA4 /* EnterMedicationName.swift in Sources */ = {isa = PBXBuildFile; fileRef = ABD044862BDDCDAA00BD0FA4 /* EnterMedicationName.swift */; };
		ABD044892BDDCDB900BD0FA4 /* ScanActiveIngredients.swift in Sources */ = {isa = PBXBuildFile; fileRef = ABD044882BDDCDB900BD0FA4 /* ScanActiveIngredients.swift */; };
		ABD0448B2BDDCDF000BD0FA4 /* ActiveIngredientsScanInfo.swift in Sources */ = {isa = PBXBuildFile; fileRef = ABD0448A2BDDCDF000BD0FA4 /* ActiveIngredientsScanInfo.swift */; };
		ABD044912BDDCE2B00BD0FA4 /* EnterDailyDosage.swift in Sources */ = {isa = PBXBuildFile; fileRef = ABD044902BDDCE2B00BD0FA4 /* EnterDailyDosage.swift */; };
		ABD044932BDDCE3D00BD0FA4 /* DosageSummary.swift in Sources */ = {isa = PBXBuildFile; fileRef = ABD044922BDDCE3D00BD0FA4 /* DosageSummary.swift */; };
		ABD044952BDDCE9100BD0FA4 /* HomeScreen.swift in Sources */ = {isa = PBXBuildFile; fileRef = ABD044942BDDCE9100BD0FA4 /* HomeScreen.swift */; };
		ABD044972BDDDA0E00BD0FA4 /* GoogleService-Info.plist in Resources */ = {isa = PBXBuildFile; fileRef = ABD044962BDDDA0E00BD0FA4 /* GoogleService-Info.plist */; };
		ABD0449A2BDDDA8200BD0FA4 /* FirebaseAnalytics in Frameworks */ = {isa = PBXBuildFile; productRef = ABD044992BDDDA8200BD0FA4 /* FirebaseAnalytics */; };
		ABD0449C2BDDDA8200BD0FA4 /* FirebaseAnalyticsOnDeviceConversion in Frameworks */ = {isa = PBXBuildFile; productRef = ABD0449B2BDDDA8200BD0FA4 /* FirebaseAnalyticsOnDeviceConversion */; };
		ABD0449E2BDDDA8200BD0FA4 /* FirebaseAnalyticsSwift in Frameworks */ = {isa = PBXBuildFile; productRef = ABD0449D2BDDDA8200BD0FA4 /* FirebaseAnalyticsSwift */; };
		ABD044A02BDDDA8200BD0FA4 /* FirebaseAnalyticsWithoutAdIdSupport in Frameworks */ = {isa = PBXBuildFile; productRef = ABD0449F2BDDDA8200BD0FA4 /* FirebaseAnalyticsWithoutAdIdSupport */; };
		ABD044A22BDDDA8200BD0FA4 /* FirebaseAppCheck in Frameworks */ = {isa = PBXBuildFile; productRef = ABD044A12BDDDA8200BD0FA4 /* FirebaseAppCheck */; };
		ABD044A42BDDDA8200BD0FA4 /* FirebaseAppDistribution-Beta in Frameworks */ = {isa = PBXBuildFile; productRef = ABD044A32BDDDA8200BD0FA4 /* FirebaseAppDistribution-Beta */; };
		ABD044A62BDDDA8200BD0FA4 /* FirebaseAuth in Frameworks */ = {isa = PBXBuildFile; productRef = ABD044A52BDDDA8200BD0FA4 /* FirebaseAuth */; };
		ABD044A82BDDDA8200BD0FA4 /* FirebaseAuthCombine-Community in Frameworks */ = {isa = PBXBuildFile; productRef = ABD044A72BDDDA8200BD0FA4 /* FirebaseAuthCombine-Community */; };
		ABD044AA2BDDDA8200BD0FA4 /* FirebaseCrashlytics in Frameworks */ = {isa = PBXBuildFile; productRef = ABD044A92BDDDA8200BD0FA4 /* FirebaseCrashlytics */; };
		ABD044AC2BDDDA8200BD0FA4 /* FirebaseDatabase in Frameworks */ = {isa = PBXBuildFile; productRef = ABD044AB2BDDDA8200BD0FA4 /* FirebaseDatabase */; };
		ABD044AE2BDDDA8200BD0FA4 /* FirebaseDatabaseSwift in Frameworks */ = {isa = PBXBuildFile; productRef = ABD044AD2BDDDA8200BD0FA4 /* FirebaseDatabaseSwift */; };
		ABD044B02BDDDA8200BD0FA4 /* FirebaseDynamicLinks in Frameworks */ = {isa = PBXBuildFile; productRef = ABD044AF2BDDDA8200BD0FA4 /* FirebaseDynamicLinks */; };
		ABD044B22BDDDA8200BD0FA4 /* FirebaseFirestore in Frameworks */ = {isa = PBXBuildFile; productRef = ABD044B12BDDDA8200BD0FA4 /* FirebaseFirestore */; };
		ABD044B42BDDDA8200BD0FA4 /* FirebaseFirestoreCombine-Community in Frameworks */ = {isa = PBXBuildFile; productRef = ABD044B32BDDDA8200BD0FA4 /* FirebaseFirestoreCombine-Community */; };
		ABD044B62BDDDA8200BD0FA4 /* FirebaseFirestoreSwift in Frameworks */ = {isa = PBXBuildFile; productRef = ABD044B52BDDDA8200BD0FA4 /* FirebaseFirestoreSwift */; };
		ABD044B82BDDDA8200BD0FA4 /* FirebaseFunctions in Frameworks */ = {isa = PBXBuildFile; productRef = ABD044B72BDDDA8200BD0FA4 /* FirebaseFunctions */; };
		ABD044BA2BDDDA8200BD0FA4 /* FirebaseFunctionsCombine-Community in Frameworks */ = {isa = PBXBuildFile; productRef = ABD044B92BDDDA8200BD0FA4 /* FirebaseFunctionsCombine-Community */; };
		ABD044BC2BDDDA8200BD0FA4 /* FirebaseInAppMessaging-Beta in Frameworks */ = {isa = PBXBuildFile; productRef = ABD044BB2BDDDA8200BD0FA4 /* FirebaseInAppMessaging-Beta */; };
		ABD044BE2BDDDA8200BD0FA4 /* FirebaseInAppMessagingSwift-Beta in Frameworks */ = {isa = PBXBuildFile; productRef = ABD044BD2BDDDA8200BD0FA4 /* FirebaseInAppMessagingSwift-Beta */; };
		ABD044C02BDDDA8200BD0FA4 /* FirebaseInstallations in Frameworks */ = {isa = PBXBuildFile; productRef = ABD044BF2BDDDA8200BD0FA4 /* FirebaseInstallations */; };
		ABD044C22BDDDA8200BD0FA4 /* FirebaseMLModelDownloader in Frameworks */ = {isa = PBXBuildFile; productRef = ABD044C12BDDDA8200BD0FA4 /* FirebaseMLModelDownloader */; };
		ABD044C42BDDDA8200BD0FA4 /* FirebaseMessaging in Frameworks */ = {isa = PBXBuildFile; productRef = ABD044C32BDDDA8200BD0FA4 /* FirebaseMessaging */; };
		ABD044C62BDDDA8200BD0FA4 /* FirebasePerformance in Frameworks */ = {isa = PBXBuildFile; productRef = ABD044C52BDDDA8200BD0FA4 /* FirebasePerformance */; };
		ABD044C82BDDDA8200BD0FA4 /* FirebaseRemoteConfig in Frameworks */ = {isa = PBXBuildFile; productRef = ABD044C72BDDDA8200BD0FA4 /* FirebaseRemoteConfig */; };
		ABD044CA2BDDDA8200BD0FA4 /* FirebaseRemoteConfigSwift in Frameworks */ = {isa = PBXBuildFile; productRef = ABD044C92BDDDA8200BD0FA4 /* FirebaseRemoteConfigSwift */; };
		ABD044CC2BDDDA8200BD0FA4 /* FirebaseStorage in Frameworks */ = {isa = PBXBuildFile; productRef = ABD044CB2BDDDA8200BD0FA4 /* FirebaseStorage */; };
		ABD044CE2BDDDA8200BD0FA4 /* FirebaseStorageCombine-Community in Frameworks */ = {isa = PBXBuildFile; productRef = ABD044CD2BDDDA8200BD0FA4 /* FirebaseStorageCombine-Community */; };
/* End PBXBuildFile section */

/* Begin PBXFileReference section */
		238D5B572BDDE355009DA564 /* Directions.png */ = {isa = PBXFileReference; lastKnownFileType = image.png; path = Directions.png; sourceTree = "<group>"; };
		238D5B592BDDE35E009DA564 /* ActiveIngredients.png */ = {isa = PBXFileReference; lastKnownFileType = image.png; path = ActiveIngredients.png; sourceTree = "<group>"; };
		ABD044712BDDBAA500BD0FA4 /* SafeDose.app */ = {isa = PBXFileReference; explicitFileType = wrapper.application; includeInIndex = 0; path = SafeDose.app; sourceTree = BUILT_PRODUCTS_DIR; };
		ABD044742BDDBAA500BD0FA4 /* SafeDoseApp.swift */ = {isa = PBXFileReference; lastKnownFileType = sourcecode.swift; path = SafeDoseApp.swift; sourceTree = "<group>"; };
		ABD044782BDDBAA600BD0FA4 /* Assets.xcassets */ = {isa = PBXFileReference; lastKnownFileType = folder.assetcatalog; path = Assets.xcassets; sourceTree = "<group>"; };
		ABD0447B2BDDBAA600BD0FA4 /* Preview Assets.xcassets */ = {isa = PBXFileReference; lastKnownFileType = folder.assetcatalog; path = "Preview Assets.xcassets"; sourceTree = "<group>"; };
		ABD044842BDDCCC500BD0FA4 /* RootView.swift */ = {isa = PBXFileReference; lastKnownFileType = sourcecode.swift; path = RootView.swift; sourceTree = "<group>"; };
		ABD044862BDDCDAA00BD0FA4 /* EnterMedicationName.swift */ = {isa = PBXFileReference; lastKnownFileType = sourcecode.swift; path = EnterMedicationName.swift; sourceTree = "<group>"; };
		ABD044882BDDCDB900BD0FA4 /* ScanActiveIngredients.swift */ = {isa = PBXFileReference; lastKnownFileType = sourcecode.swift; path = ScanActiveIngredients.swift; sourceTree = "<group>"; };
		ABD0448A2BDDCDF000BD0FA4 /* ActiveIngredientsScanInfo.swift */ = {isa = PBXFileReference; lastKnownFileType = sourcecode.swift; path = ActiveIngredientsScanInfo.swift; sourceTree = "<group>"; };
		ABD044902BDDCE2B00BD0FA4 /* EnterDailyDosage.swift */ = {isa = PBXFileReference; lastKnownFileType = sourcecode.swift; path = EnterDailyDosage.swift; sourceTree = "<group>"; };
		ABD044922BDDCE3D00BD0FA4 /* DosageSummary.swift */ = {isa = PBXFileReference; lastKnownFileType = sourcecode.swift; path = DosageSummary.swift; sourceTree = "<group>"; };
		ABD044942BDDCE9100BD0FA4 /* HomeScreen.swift */ = {isa = PBXFileReference; lastKnownFileType = sourcecode.swift; path = HomeScreen.swift; sourceTree = "<group>"; };
		ABD044962BDDDA0E00BD0FA4 /* GoogleService-Info.plist */ = {isa = PBXFileReference; fileEncoding = 4; lastKnownFileType = text.plist.xml; path = "GoogleService-Info.plist"; sourceTree = "<group>"; };
/* End PBXFileReference section */

/* Begin PBXFrameworksBuildPhase section */
		ABD0446E2BDDBAA500BD0FA4 /* Frameworks */ = {
			isa = PBXFrameworksBuildPhase;
			buildActionMask = 2147483647;
			files = (
				ABD044AC2BDDDA8200BD0FA4 /* FirebaseDatabase in Frameworks */,
				ABD044BA2BDDDA8200BD0FA4 /* FirebaseFunctionsCombine-Community in Frameworks */,
				ABD044B22BDDDA8200BD0FA4 /* FirebaseFirestore in Frameworks */,
				ABD0449E2BDDDA8200BD0FA4 /* FirebaseAnalyticsSwift in Frameworks */,
				ABD0449A2BDDDA8200BD0FA4 /* FirebaseAnalytics in Frameworks */,
				ABD0449C2BDDDA8200BD0FA4 /* FirebaseAnalyticsOnDeviceConversion in Frameworks */,
				ABD044C22BDDDA8200BD0FA4 /* FirebaseMLModelDownloader in Frameworks */,
				ABD044B62BDDDA8200BD0FA4 /* FirebaseFirestoreSwift in Frameworks */,
				ABD044A22BDDDA8200BD0FA4 /* FirebaseAppCheck in Frameworks */,
				ABD044A02BDDDA8200BD0FA4 /* FirebaseAnalyticsWithoutAdIdSupport in Frameworks */,
				ABD044A62BDDDA8200BD0FA4 /* FirebaseAuth in Frameworks */,
				ABD044AA2BDDDA8200BD0FA4 /* FirebaseCrashlytics in Frameworks */,
				ABD044CA2BDDDA8200BD0FA4 /* FirebaseRemoteConfigSwift in Frameworks */,
				ABD044BC2BDDDA8200BD0FA4 /* FirebaseInAppMessaging-Beta in Frameworks */,
				ABD044AE2BDDDA8200BD0FA4 /* FirebaseDatabaseSwift in Frameworks */,
				ABD044B82BDDDA8200BD0FA4 /* FirebaseFunctions in Frameworks */,
				ABD044CE2BDDDA8200BD0FA4 /* FirebaseStorageCombine-Community in Frameworks */,
				ABD044C82BDDDA8200BD0FA4 /* FirebaseRemoteConfig in Frameworks */,
				ABD044A42BDDDA8200BD0FA4 /* FirebaseAppDistribution-Beta in Frameworks */,
				ABD044A82BDDDA8200BD0FA4 /* FirebaseAuthCombine-Community in Frameworks */,
				ABD044C62BDDDA8200BD0FA4 /* FirebasePerformance in Frameworks */,
				ABD044BE2BDDDA8200BD0FA4 /* FirebaseInAppMessagingSwift-Beta in Frameworks */,
				ABD044CC2BDDDA8200BD0FA4 /* FirebaseStorage in Frameworks */,
				ABD044B02BDDDA8200BD0FA4 /* FirebaseDynamicLinks in Frameworks */,
				ABD044B42BDDDA8200BD0FA4 /* FirebaseFirestoreCombine-Community in Frameworks */,
				ABD044C42BDDDA8200BD0FA4 /* FirebaseMessaging in Frameworks */,
				ABD044C02BDDDA8200BD0FA4 /* FirebaseInstallations in Frameworks */,
			);
			runOnlyForDeploymentPostprocessing = 0;
		};
/* End PBXFrameworksBuildPhase section */

/* Begin PBXGroup section */
		ABD044682BDDBAA500BD0FA4 = {
			isa = PBXGroup;
			children = (
				ABD044732BDDBAA500BD0FA4 /* SafeDose */,
				ABD044722BDDBAA500BD0FA4 /* Products */,
			);
			sourceTree = "<group>";
		};
		ABD044722BDDBAA500BD0FA4 /* Products */ = {
			isa = PBXGroup;
			children = (
				ABD044712BDDBAA500BD0FA4 /* SafeDose.app */,
			);
			name = Products;
			sourceTree = "<group>";
		};
		ABD044732BDDBAA500BD0FA4 /* SafeDose */ = {
			isa = PBXGroup;
			children = (
				ABD044742BDDBAA500BD0FA4 /* SafeDoseApp.swift */,
				ABD044842BDDCCC500BD0FA4 /* RootView.swift */,
				ABD044942BDDCE9100BD0FA4 /* HomeScreen.swift */,
				ABD044862BDDCDAA00BD0FA4 /* EnterMedicationName.swift */,
				ABD0448A2BDDCDF000BD0FA4 /* ActiveIngredientsScanInfo.swift */,
				ABD044882BDDCDB900BD0FA4 /* ScanActiveIngredients.swift */,
				ABD044902BDDCE2B00BD0FA4 /* EnterDailyDosage.swift */,
				ABD044922BDDCE3D00BD0FA4 /* DosageSummary.swift */,
				ABD044962BDDDA0E00BD0FA4 /* GoogleService-Info.plist */,
				ABD044782BDDBAA600BD0FA4 /* Assets.xcassets */,
				238D5B572BDDE355009DA564 /* Directions.png */,
				238D5B592BDDE35E009DA564 /* ActiveIngredients.png */,
				ABD0447A2BDDBAA600BD0FA4 /* Preview Content */,
			);
			path = SafeDose;
			sourceTree = "<group>";
		};
		ABD0447A2BDDBAA600BD0FA4 /* Preview Content */ = {
			isa = PBXGroup;
			children = (
				ABD0447B2BDDBAA600BD0FA4 /* Preview Assets.xcassets */,
			);
			path = "Preview Content";
			sourceTree = "<group>";
		};
/* End PBXGroup section */

/* Begin PBXNativeTarget section */
		ABD044702BDDBAA500BD0FA4 /* SafeDose */ = {
			isa = PBXNativeTarget;
			buildConfigurationList = ABD0447F2BDDBAA600BD0FA4 /* Build configuration list for PBXNativeTarget "SafeDose" */;
			buildPhases = (
				ABD0446D2BDDBAA500BD0FA4 /* Sources */,
				ABD0446E2BDDBAA500BD0FA4 /* Frameworks */,
				ABD0446F2BDDBAA500BD0FA4 /* Resources */,
			);
			buildRules = (
			);
			dependencies = (
			);
			name = SafeDose;
			packageProductDependencies = (
				ABD044992BDDDA8200BD0FA4 /* FirebaseAnalytics */,
				ABD0449B2BDDDA8200BD0FA4 /* FirebaseAnalyticsOnDeviceConversion */,
				ABD0449D2BDDDA8200BD0FA4 /* FirebaseAnalyticsSwift */,
				ABD0449F2BDDDA8200BD0FA4 /* FirebaseAnalyticsWithoutAdIdSupport */,
				ABD044A12BDDDA8200BD0FA4 /* FirebaseAppCheck */,
				ABD044A32BDDDA8200BD0FA4 /* FirebaseAppDistribution-Beta */,
				ABD044A52BDDDA8200BD0FA4 /* FirebaseAuth */,
				ABD044A72BDDDA8200BD0FA4 /* FirebaseAuthCombine-Community */,
				ABD044A92BDDDA8200BD0FA4 /* FirebaseCrashlytics */,
				ABD044AB2BDDDA8200BD0FA4 /* FirebaseDatabase */,
				ABD044AD2BDDDA8200BD0FA4 /* FirebaseDatabaseSwift */,
				ABD044AF2BDDDA8200BD0FA4 /* FirebaseDynamicLinks */,
				ABD044B12BDDDA8200BD0FA4 /* FirebaseFirestore */,
				ABD044B32BDDDA8200BD0FA4 /* FirebaseFirestoreCombine-Community */,
				ABD044B52BDDDA8200BD0FA4 /* FirebaseFirestoreSwift */,
				ABD044B72BDDDA8200BD0FA4 /* FirebaseFunctions */,
				ABD044B92BDDDA8200BD0FA4 /* FirebaseFunctionsCombine-Community */,
				ABD044BB2BDDDA8200BD0FA4 /* FirebaseInAppMessaging-Beta */,
				ABD044BD2BDDDA8200BD0FA4 /* FirebaseInAppMessagingSwift-Beta */,
				ABD044BF2BDDDA8200BD0FA4 /* FirebaseInstallations */,
				ABD044C12BDDDA8200BD0FA4 /* FirebaseMLModelDownloader */,
				ABD044C32BDDDA8200BD0FA4 /* FirebaseMessaging */,
				ABD044C52BDDDA8200BD0FA4 /* FirebasePerformance */,
				ABD044C72BDDDA8200BD0FA4 /* FirebaseRemoteConfig */,
				ABD044C92BDDDA8200BD0FA4 /* FirebaseRemoteConfigSwift */,
				ABD044CB2BDDDA8200BD0FA4 /* FirebaseStorage */,
				ABD044CD2BDDDA8200BD0FA4 /* FirebaseStorageCombine-Community */,
			);
			productName = SafeDose;
			productReference = ABD044712BDDBAA500BD0FA4 /* SafeDose.app */;
			productType = "com.apple.product-type.application";
		};
/* End PBXNativeTarget section */

/* Begin PBXProject section */
		ABD044692BDDBAA500BD0FA4 /* Project object */ = {
			isa = PBXProject;
			attributes = {
				BuildIndependentTargetsInParallel = 1;
				LastSwiftUpdateCheck = 1520;
				LastUpgradeCheck = 1520;
				TargetAttributes = {
					ABD044702BDDBAA500BD0FA4 = {
						CreatedOnToolsVersion = 15.2;
					};
				};
			};
			buildConfigurationList = ABD0446C2BDDBAA500BD0FA4 /* Build configuration list for PBXProject "SafeDose" */;
			compatibilityVersion = "Xcode 14.0";
			developmentRegion = en;
			hasScannedForEncodings = 0;
			knownRegions = (
				en,
				Base,
			);
			mainGroup = ABD044682BDDBAA500BD0FA4;
			packageReferences = (
				ABD044982BDDDA8200BD0FA4 /* XCRemoteSwiftPackageReference "firebase-ios-sdk" */,
			);
			productRefGroup = ABD044722BDDBAA500BD0FA4 /* Products */;
			projectDirPath = "";
			projectRoot = "";
			targets = (
				ABD044702BDDBAA500BD0FA4 /* SafeDose */,
			);
		};
/* End PBXProject section */

/* Begin PBXResourcesBuildPhase section */
		ABD0446F2BDDBAA500BD0FA4 /* Resources */ = {
			isa = PBXResourcesBuildPhase;
			buildActionMask = 2147483647;
			files = (
				ABD0447C2BDDBAA600BD0FA4 /* Preview Assets.xcassets in Resources */,
				238D5B582BDDE355009DA564 /* Directions.png in Resources */,
				ABD044792BDDBAA600BD0FA4 /* Assets.xcassets in Resources */,
				ABD044972BDDDA0E00BD0FA4 /* GoogleService-Info.plist in Resources */,
				238D5B5A2BDDE35E009DA564 /* ActiveIngredients.png in Resources */,
			);
			runOnlyForDeploymentPostprocessing = 0;
		};
/* End PBXResourcesBuildPhase section */

/* Begin PBXSourcesBuildPhase section */
		ABD0446D2BDDBAA500BD0FA4 /* Sources */ = {
			isa = PBXSourcesBuildPhase;
			buildActionMask = 2147483647;
			files = (
				ABD044932BDDCE3D00BD0FA4 /* DosageSummary.swift in Sources */,
				ABD044872BDDCDAA00BD0FA4 /* EnterMedicationName.swift in Sources */,
				ABD044852BDDCCC500BD0FA4 /* RootView.swift in Sources */,
				ABD044892BDDCDB900BD0FA4 /* ScanActiveIngredients.swift in Sources */,
				ABD044752BDDBAA500BD0FA4 /* SafeDoseApp.swift in Sources */,
				ABD0448B2BDDCDF000BD0FA4 /* ActiveIngredientsScanInfo.swift in Sources */,
				ABD044952BDDCE9100BD0FA4 /* HomeScreen.swift in Sources */,
				ABD044912BDDCE2B00BD0FA4 /* EnterDailyDosage.swift in Sources */,
			);
			runOnlyForDeploymentPostprocessing = 0;
		};
/* End PBXSourcesBuildPhase section */

/* Begin XCBuildConfiguration section */
		ABD0447D2BDDBAA600BD0FA4 /* Debug */ = {
			isa = XCBuildConfiguration;
			buildSettings = {
				ALWAYS_SEARCH_USER_PATHS = NO;
				ASSETCATALOG_COMPILER_GENERATE_SWIFT_ASSET_SYMBOL_EXTENSIONS = YES;
				CLANG_ANALYZER_NONNULL = YES;
				CLANG_ANALYZER_NUMBER_OBJECT_CONVERSION = YES_AGGRESSIVE;
				CLANG_CXX_LANGUAGE_STANDARD = "gnu++20";
				CLANG_ENABLE_MODULES = YES;
				CLANG_ENABLE_OBJC_ARC = YES;
				CLANG_ENABLE_OBJC_WEAK = YES;
				CLANG_WARN_BLOCK_CAPTURE_AUTORELEASING = YES;
				CLANG_WARN_BOOL_CONVERSION = YES;
				CLANG_WARN_COMMA = YES;
				CLANG_WARN_CONSTANT_CONVERSION = YES;
				CLANG_WARN_DEPRECATED_OBJC_IMPLEMENTATIONS = YES;
				CLANG_WARN_DIRECT_OBJC_ISA_USAGE = YES_ERROR;
				CLANG_WARN_DOCUMENTATION_COMMENTS = YES;
				CLANG_WARN_EMPTY_BODY = YES;
				CLANG_WARN_ENUM_CONVERSION = YES;
				CLANG_WARN_INFINITE_RECURSION = YES;
				CLANG_WARN_INT_CONVERSION = YES;
				CLANG_WARN_NON_LITERAL_NULL_CONVERSION = YES;
				CLANG_WARN_OBJC_IMPLICIT_RETAIN_SELF = YES;
				CLANG_WARN_OBJC_LITERAL_CONVERSION = YES;
				CLANG_WARN_OBJC_ROOT_CLASS = YES_ERROR;
				CLANG_WARN_QUOTED_INCLUDE_IN_FRAMEWORK_HEADER = YES;
				CLANG_WARN_RANGE_LOOP_ANALYSIS = YES;
				CLANG_WARN_STRICT_PROTOTYPES = YES;
				CLANG_WARN_SUSPICIOUS_MOVE = YES;
				CLANG_WARN_UNGUARDED_AVAILABILITY = YES_AGGRESSIVE;
				CLANG_WARN_UNREACHABLE_CODE = YES;
				CLANG_WARN__DUPLICATE_METHOD_MATCH = YES;
				COPY_PHASE_STRIP = NO;
				DEBUG_INFORMATION_FORMAT = dwarf;
				ENABLE_STRICT_OBJC_MSGSEND = YES;
				ENABLE_TESTABILITY = YES;
				ENABLE_USER_SCRIPT_SANDBOXING = YES;
				GCC_C_LANGUAGE_STANDARD = gnu17;
				GCC_DYNAMIC_NO_PIC = NO;
				GCC_NO_COMMON_BLOCKS = YES;
				GCC_OPTIMIZATION_LEVEL = 0;
				GCC_PREPROCESSOR_DEFINITIONS = (
					"DEBUG=1",
					"$(inherited)",
				);
				GCC_WARN_64_TO_32_BIT_CONVERSION = YES;
				GCC_WARN_ABOUT_RETURN_TYPE = YES_ERROR;
				GCC_WARN_UNDECLARED_SELECTOR = YES;
				GCC_WARN_UNINITIALIZED_AUTOS = YES_AGGRESSIVE;
				GCC_WARN_UNUSED_FUNCTION = YES;
				GCC_WARN_UNUSED_VARIABLE = YES;
				IPHONEOS_DEPLOYMENT_TARGET = 17.2;
				LOCALIZATION_PREFERS_STRING_CATALOGS = YES;
				MTL_ENABLE_DEBUG_INFO = INCLUDE_SOURCE;
				MTL_FAST_MATH = YES;
				ONLY_ACTIVE_ARCH = YES;
				SDKROOT = iphoneos;
				SWIFT_ACTIVE_COMPILATION_CONDITIONS = "DEBUG $(inherited)";
				SWIFT_OPTIMIZATION_LEVEL = "-Onone";
			};
			name = Debug;
		};
		ABD0447E2BDDBAA600BD0FA4 /* Release */ = {
			isa = XCBuildConfiguration;
			buildSettings = {
				ALWAYS_SEARCH_USER_PATHS = NO;
				ASSETCATALOG_COMPILER_GENERATE_SWIFT_ASSET_SYMBOL_EXTENSIONS = YES;
				CLANG_ANALYZER_NONNULL = YES;
				CLANG_ANALYZER_NUMBER_OBJECT_CONVERSION = YES_AGGRESSIVE;
				CLANG_CXX_LANGUAGE_STANDARD = "gnu++20";
				CLANG_ENABLE_MODULES = YES;
				CLANG_ENABLE_OBJC_ARC = YES;
				CLANG_ENABLE_OBJC_WEAK = YES;
				CLANG_WARN_BLOCK_CAPTURE_AUTORELEASING = YES;
				CLANG_WARN_BOOL_CONVERSION = YES;
				CLANG_WARN_COMMA = YES;
				CLANG_WARN_CONSTANT_CONVERSION = YES;
				CLANG_WARN_DEPRECATED_OBJC_IMPLEMENTATIONS = YES;
				CLANG_WARN_DIRECT_OBJC_ISA_USAGE = YES_ERROR;
				CLANG_WARN_DOCUMENTATION_COMMENTS = YES;
				CLANG_WARN_EMPTY_BODY = YES;
				CLANG_WARN_ENUM_CONVERSION = YES;
				CLANG_WARN_INFINITE_RECURSION = YES;
				CLANG_WARN_INT_CONVERSION = YES;
				CLANG_WARN_NON_LITERAL_NULL_CONVERSION = YES;
				CLANG_WARN_OBJC_IMPLICIT_RETAIN_SELF = YES;
				CLANG_WARN_OBJC_LITERAL_CONVERSION = YES;
				CLANG_WARN_OBJC_ROOT_CLASS = YES_ERROR;
				CLANG_WARN_QUOTED_INCLUDE_IN_FRAMEWORK_HEADER = YES;
				CLANG_WARN_RANGE_LOOP_ANALYSIS = YES;
				CLANG_WARN_STRICT_PROTOTYPES = YES;
				CLANG_WARN_SUSPICIOUS_MOVE = YES;
				CLANG_WARN_UNGUARDED_AVAILABILITY = YES_AGGRESSIVE;
				CLANG_WARN_UNREACHABLE_CODE = YES;
				CLANG_WARN__DUPLICATE_METHOD_MATCH = YES;
				COPY_PHASE_STRIP = NO;
				DEBUG_INFORMATION_FORMAT = "dwarf-with-dsym";
				ENABLE_NS_ASSERTIONS = NO;
				ENABLE_STRICT_OBJC_MSGSEND = YES;
				ENABLE_USER_SCRIPT_SANDBOXING = YES;
				GCC_C_LANGUAGE_STANDARD = gnu17;
				GCC_NO_COMMON_BLOCKS = YES;
				GCC_WARN_64_TO_32_BIT_CONVERSION = YES;
				GCC_WARN_ABOUT_RETURN_TYPE = YES_ERROR;
				GCC_WARN_UNDECLARED_SELECTOR = YES;
				GCC_WARN_UNINITIALIZED_AUTOS = YES_AGGRESSIVE;
				GCC_WARN_UNUSED_FUNCTION = YES;
				GCC_WARN_UNUSED_VARIABLE = YES;
				IPHONEOS_DEPLOYMENT_TARGET = 17.2;
				LOCALIZATION_PREFERS_STRING_CATALOGS = YES;
				MTL_ENABLE_DEBUG_INFO = NO;
				MTL_FAST_MATH = YES;
				SDKROOT = iphoneos;
				SWIFT_COMPILATION_MODE = wholemodule;
				VALIDATE_PRODUCT = YES;
			};
			name = Release;
		};
		ABD044802BDDBAA600BD0FA4 /* Debug */ = {
			isa = XCBuildConfiguration;
			buildSettings = {
				ASSETCATALOG_COMPILER_APPICON_NAME = AppIcon;
				ASSETCATALOG_COMPILER_GLOBAL_ACCENT_COLOR_NAME = AccentColor;
				CODE_SIGN_STYLE = Automatic;
				CURRENT_PROJECT_VERSION = 1;
				DEVELOPMENT_ASSET_PATHS = "\"SafeDose/Preview Content\"";
				DEVELOPMENT_TEAM = "";
				ENABLE_PREVIEWS = YES;
				GENERATE_INFOPLIST_FILE = YES;
				INFOPLIST_KEY_UIApplicationSceneManifest_Generation = YES;
				INFOPLIST_KEY_UIApplicationSupportsIndirectInputEvents = YES;
				INFOPLIST_KEY_UILaunchScreen_Generation = YES;
				INFOPLIST_KEY_UISupportedInterfaceOrientations_iPad = "UIInterfaceOrientationPortrait UIInterfaceOrientationPortraitUpsideDown UIInterfaceOrientationLandscapeLeft UIInterfaceOrientationLandscapeRight";
				INFOPLIST_KEY_UISupportedInterfaceOrientations_iPhone = "UIInterfaceOrientationPortrait UIInterfaceOrientationLandscapeLeft UIInterfaceOrientationLandscapeRight";
				LD_RUNPATH_SEARCH_PATHS = (
					"$(inherited)",
					"@executable_path/Frameworks",
				);
				MARKETING_VERSION = 1.0;
				PRODUCT_BUNDLE_IDENTIFIER = com.macintAsh.SafeDose;
				PRODUCT_NAME = "$(TARGET_NAME)";
				SWIFT_EMIT_LOC_STRINGS = YES;
				SWIFT_VERSION = 5.0;
				TARGETED_DEVICE_FAMILY = "1,2";
			};
			name = Debug;
		};
		ABD044812BDDBAA600BD0FA4 /* Release */ = {
			isa = XCBuildConfiguration;
			buildSettings = {
				ASSETCATALOG_COMPILER_APPICON_NAME = AppIcon;
				ASSETCATALOG_COMPILER_GLOBAL_ACCENT_COLOR_NAME = AccentColor;
				CODE_SIGN_STYLE = Automatic;
				CURRENT_PROJECT_VERSION = 1;
				DEVELOPMENT_ASSET_PATHS = "\"SafeDose/Preview Content\"";
				DEVELOPMENT_TEAM = "";
				ENABLE_PREVIEWS = YES;
				GENERATE_INFOPLIST_FILE = YES;
				INFOPLIST_KEY_UIApplicationSceneManifest_Generation = YES;
				INFOPLIST_KEY_UIApplicationSupportsIndirectInputEvents = YES;
				INFOPLIST_KEY_UILaunchScreen_Generation = YES;
				INFOPLIST_KEY_UISupportedInterfaceOrientations_iPad = "UIInterfaceOrientationPortrait UIInterfaceOrientationPortraitUpsideDown UIInterfaceOrientationLandscapeLeft UIInterfaceOrientationLandscapeRight";
				INFOPLIST_KEY_UISupportedInterfaceOrientations_iPhone = "UIInterfaceOrientationPortrait UIInterfaceOrientationLandscapeLeft UIInterfaceOrientationLandscapeRight";
				LD_RUNPATH_SEARCH_PATHS = (
					"$(inherited)",
					"@executable_path/Frameworks",
				);
				MARKETING_VERSION = 1.0;
				PRODUCT_BUNDLE_IDENTIFIER = com.macintAsh.SafeDose;
				PRODUCT_NAME = "$(TARGET_NAME)";
				SWIFT_EMIT_LOC_STRINGS = YES;
				SWIFT_VERSION = 5.0;
				TARGETED_DEVICE_FAMILY = "1,2";
			};
			name = Release;
		};
/* End XCBuildConfiguration section */

/* Begin XCConfigurationList section */
		ABD0446C2BDDBAA500BD0FA4 /* Build configuration list for PBXProject "SafeDose" */ = {
			isa = XCConfigurationList;
			buildConfigurations = (
				ABD0447D2BDDBAA600BD0FA4 /* Debug */,
				ABD0447E2BDDBAA600BD0FA4 /* Release */,
			);
			defaultConfigurationIsVisible = 0;
			defaultConfigurationName = Release;
		};
		ABD0447F2BDDBAA600BD0FA4 /* Build configuration list for PBXNativeTarget "SafeDose" */ = {
			isa = XCConfigurationList;
			buildConfigurations = (
				ABD044802BDDBAA600BD0FA4 /* Debug */,
				ABD044812BDDBAA600BD0FA4 /* Release */,
			);
			defaultConfigurationIsVisible = 0;
			defaultConfigurationName = Release;
		};
/* End XCConfigurationList section */

/* Begin XCRemoteSwiftPackageReference section */
		ABD044982BDDDA8200BD0FA4 /* XCRemoteSwiftPackageReference "firebase-ios-sdk" */ = {
			isa = XCRemoteSwiftPackageReference;
			repositoryURL = "https://github.com/firebase/firebase-ios-sdk";
			requirement = {
				kind = upToNextMajorVersion;
				minimumVersion = 10.24.0;
			};
		};
/* End XCRemoteSwiftPackageReference section */

/* Begin XCSwiftPackageProductDependency section */
		ABD044992BDDDA8200BD0FA4 /* FirebaseAnalytics */ = {
			isa = XCSwiftPackageProductDependency;
			package = ABD044982BDDDA8200BD0FA4 /* XCRemoteSwiftPackageReference "firebase-ios-sdk" */;
			productName = FirebaseAnalytics;
		};
		ABD0449B2BDDDA8200BD0FA4 /* FirebaseAnalyticsOnDeviceConversion */ = {
			isa = XCSwiftPackageProductDependency;
			package = ABD044982BDDDA8200BD0FA4 /* XCRemoteSwiftPackageReference "firebase-ios-sdk" */;
			productName = FirebaseAnalyticsOnDeviceConversion;
		};
		ABD0449D2BDDDA8200BD0FA4 /* FirebaseAnalyticsSwift */ = {
			isa = XCSwiftPackageProductDependency;
			package = ABD044982BDDDA8200BD0FA4 /* XCRemoteSwiftPackageReference "firebase-ios-sdk" */;
			productName = FirebaseAnalyticsSwift;
		};
		ABD0449F2BDDDA8200BD0FA4 /* FirebaseAnalyticsWithoutAdIdSupport */ = {
			isa = XCSwiftPackageProductDependency;
			package = ABD044982BDDDA8200BD0FA4 /* XCRemoteSwiftPackageReference "firebase-ios-sdk" */;
			productName = FirebaseAnalyticsWithoutAdIdSupport;
		};
		ABD044A12BDDDA8200BD0FA4 /* FirebaseAppCheck */ = {
			isa = XCSwiftPackageProductDependency;
			package = ABD044982BDDDA8200BD0FA4 /* XCRemoteSwiftPackageReference "firebase-ios-sdk" */;
			productName = FirebaseAppCheck;
		};
		ABD044A32BDDDA8200BD0FA4 /* FirebaseAppDistribution-Beta */ = {
			isa = XCSwiftPackageProductDependency;
			package = ABD044982BDDDA8200BD0FA4 /* XCRemoteSwiftPackageReference "firebase-ios-sdk" */;
			productName = "FirebaseAppDistribution-Beta";
		};
		ABD044A52BDDDA8200BD0FA4 /* FirebaseAuth */ = {
			isa = XCSwiftPackageProductDependency;
			package = ABD044982BDDDA8200BD0FA4 /* XCRemoteSwiftPackageReference "firebase-ios-sdk" */;
			productName = FirebaseAuth;
		};
		ABD044A72BDDDA8200BD0FA4 /* FirebaseAuthCombine-Community */ = {
			isa = XCSwiftPackageProductDependency;
			package = ABD044982BDDDA8200BD0FA4 /* XCRemoteSwiftPackageReference "firebase-ios-sdk" */;
			productName = "FirebaseAuthCombine-Community";
		};
		ABD044A92BDDDA8200BD0FA4 /* FirebaseCrashlytics */ = {
			isa = XCSwiftPackageProductDependency;
			package = ABD044982BDDDA8200BD0FA4 /* XCRemoteSwiftPackageReference "firebase-ios-sdk" */;
			productName = FirebaseCrashlytics;
		};
		ABD044AB2BDDDA8200BD0FA4 /* FirebaseDatabase */ = {
			isa = XCSwiftPackageProductDependency;
			package = ABD044982BDDDA8200BD0FA4 /* XCRemoteSwiftPackageReference "firebase-ios-sdk" */;
			productName = FirebaseDatabase;
		};
		ABD044AD2BDDDA8200BD0FA4 /* FirebaseDatabaseSwift */ = {
			isa = XCSwiftPackageProductDependency;
			package = ABD044982BDDDA8200BD0FA4 /* XCRemoteSwiftPackageReference "firebase-ios-sdk" */;
			productName = FirebaseDatabaseSwift;
		};
		ABD044AF2BDDDA8200BD0FA4 /* FirebaseDynamicLinks */ = {
			isa = XCSwiftPackageProductDependency;
			package = ABD044982BDDDA8200BD0FA4 /* XCRemoteSwiftPackageReference "firebase-ios-sdk" */;
			productName = FirebaseDynamicLinks;
		};
		ABD044B12BDDDA8200BD0FA4 /* FirebaseFirestore */ = {
			isa = XCSwiftPackageProductDependency;
			package = ABD044982BDDDA8200BD0FA4 /* XCRemoteSwiftPackageReference "firebase-ios-sdk" */;
			productName = FirebaseFirestore;
		};
		ABD044B32BDDDA8200BD0FA4 /* FirebaseFirestoreCombine-Community */ = {
			isa = XCSwiftPackageProductDependency;
			package = ABD044982BDDDA8200BD0FA4 /* XCRemoteSwiftPackageReference "firebase-ios-sdk" */;
			productName = "FirebaseFirestoreCombine-Community";
		};
		ABD044B52BDDDA8200BD0FA4 /* FirebaseFirestoreSwift */ = {
			isa = XCSwiftPackageProductDependency;
			package = ABD044982BDDDA8200BD0FA4 /* XCRemoteSwiftPackageReference "firebase-ios-sdk" */;
			productName = FirebaseFirestoreSwift;
		};
		ABD044B72BDDDA8200BD0FA4 /* FirebaseFunctions */ = {
			isa = XCSwiftPackageProductDependency;
			package = ABD044982BDDDA8200BD0FA4 /* XCRemoteSwiftPackageReference "firebase-ios-sdk" */;
			productName = FirebaseFunctions;
		};
		ABD044B92BDDDA8200BD0FA4 /* FirebaseFunctionsCombine-Community */ = {
			isa = XCSwiftPackageProductDependency;
			package = ABD044982BDDDA8200BD0FA4 /* XCRemoteSwiftPackageReference "firebase-ios-sdk" */;
			productName = "FirebaseFunctionsCombine-Community";
		};
		ABD044BB2BDDDA8200BD0FA4 /* FirebaseInAppMessaging-Beta */ = {
			isa = XCSwiftPackageProductDependency;
			package = ABD044982BDDDA8200BD0FA4 /* XCRemoteSwiftPackageReference "firebase-ios-sdk" */;
			productName = "FirebaseInAppMessaging-Beta";
		};
		ABD044BD2BDDDA8200BD0FA4 /* FirebaseInAppMessagingSwift-Beta */ = {
			isa = XCSwiftPackageProductDependency;
			package = ABD044982BDDDA8200BD0FA4 /* XCRemoteSwiftPackageReference "firebase-ios-sdk" */;
			productName = "FirebaseInAppMessagingSwift-Beta";
		};
		ABD044BF2BDDDA8200BD0FA4 /* FirebaseInstallations */ = {
			isa = XCSwiftPackageProductDependency;
			package = ABD044982BDDDA8200BD0FA4 /* XCRemoteSwiftPackageReference "firebase-ios-sdk" */;
			productName = FirebaseInstallations;
		};
		ABD044C12BDDDA8200BD0FA4 /* FirebaseMLModelDownloader */ = {
			isa = XCSwiftPackageProductDependency;
			package = ABD044982BDDDA8200BD0FA4 /* XCRemoteSwiftPackageReference "firebase-ios-sdk" */;
			productName = FirebaseMLModelDownloader;
		};
		ABD044C32BDDDA8200BD0FA4 /* FirebaseMessaging */ = {
			isa = XCSwiftPackageProductDependency;
			package = ABD044982BDDDA8200BD0FA4 /* XCRemoteSwiftPackageReference "firebase-ios-sdk" */;
			productName = FirebaseMessaging;
		};
		ABD044C52BDDDA8200BD0FA4 /* FirebasePerformance */ = {
			isa = XCSwiftPackageProductDependency;
			package = ABD044982BDDDA8200BD0FA4 /* XCRemoteSwiftPackageReference "firebase-ios-sdk" */;
			productName = FirebasePerformance;
		};
		ABD044C72BDDDA8200BD0FA4 /* FirebaseRemoteConfig */ = {
			isa = XCSwiftPackageProductDependency;
			package = ABD044982BDDDA8200BD0FA4 /* XCRemoteSwiftPackageReference "firebase-ios-sdk" */;
			productName = FirebaseRemoteConfig;
		};
		ABD044C92BDDDA8200BD0FA4 /* FirebaseRemoteConfigSwift */ = {
			isa = XCSwiftPackageProductDependency;
			package = ABD044982BDDDA8200BD0FA4 /* XCRemoteSwiftPackageReference "firebase-ios-sdk" */;
			productName = FirebaseRemoteConfigSwift;
		};
		ABD044CB2BDDDA8200BD0FA4 /* FirebaseStorage */ = {
			isa = XCSwiftPackageProductDependency;
			package = ABD044982BDDDA8200BD0FA4 /* XCRemoteSwiftPackageReference "firebase-ios-sdk" */;
			productName = FirebaseStorage;
		};
		ABD044CD2BDDDA8200BD0FA4 /* FirebaseStorageCombine-Community */ = {
			isa = XCSwiftPackageProductDependency;
			package = ABD044982BDDDA8200BD0FA4 /* XCRemoteSwiftPackageReference "firebase-ios-sdk" */;
			productName = "FirebaseStorageCombine-Community";
		};
/* End XCSwiftPackageProductDependency section */
	};
	rootObject = ABD044692BDDBAA500BD0FA4 /* Project object */;
}
