// !$*UTF8*$!
{
	archiveVersion = 1;
	classes = {
	};
	objectVersion = 56;
	objects = {

/* Begin PBXBuildFile section */
		ABD044752BDDBAA500BD0FA4 /* SafeDoseApp.swift in Sources */ = {isa = PBXBuildFile; fileRef = ABD044742BDDBAA500BD0FA4 /* SafeDoseApp.swift */; };
		ABD044792BDDBAA600BD0FA4 /* Assets.xcassets in Resources */ = {isa = PBXBuildFile; fileRef = ABD044782BDDBAA600BD0FA4 /* Assets.xcassets */; };
		ABD0447C2BDDBAA600BD0FA4 /* Preview Assets.xcassets in Resources */ = {isa = PBXBuildFile; fileRef = ABD0447B2BDDBAA600BD0FA4 /* Preview Assets.xcassets */; };
		ABD044852BDDCCC500BD0FA4 /* RootView.swift in Sources */ = {isa = PBXBuildFile; fileRef = ABD044842BDDCCC500BD0FA4 /* RootView.swift */; };
		ABD044872BDDCDAA00BD0FA4 /* EnterMedicationName.swift in Sources */ = {isa = PBXBuildFile; fileRef = ABD044862BDDCDAA00BD0FA4 /* EnterMedicationName.swift */; };
		ABD044892BDDCDB900BD0FA4 /* ScanActiveIngredients.swift in Sources */ = {isa = PBXBuildFile; fileRef = ABD044882BDDCDB900BD0FA4 /* ScanActiveIngredients.swift */; };
		ABD0448B2BDDCDF000BD0FA4 /* ActiveIngredientsScanInfo.swift in Sources */ = {isa = PBXBuildFile; fileRef = ABD0448A2BDDCDF000BD0FA4 /* ActiveIngredientsScanInfo.swift */; };
		ABD0448D2BDDCE0C00BD0FA4 /* DirectionsScanInfo.swift in Sources */ = {isa = PBXBuildFile; fileRef = ABD0448C2BDDCE0C00BD0FA4 /* DirectionsScanInfo.swift */; };
		ABD0448F2BDDCE1600BD0FA4 /* ScanDirections.swift in Sources */ = {isa = PBXBuildFile; fileRef = ABD0448E2BDDCE1600BD0FA4 /* ScanDirections.swift */; };
		ABD044912BDDCE2B00BD0FA4 /* EnterDailyDosage.swift in Sources */ = {isa = PBXBuildFile; fileRef = ABD044902BDDCE2B00BD0FA4 /* EnterDailyDosage.swift */; };
		ABD044932BDDCE3D00BD0FA4 /* DosageSummary.swift in Sources */ = {isa = PBXBuildFile; fileRef = ABD044922BDDCE3D00BD0FA4 /* DosageSummary.swift */; };
		ABD044952BDDCE9100BD0FA4 /* HomeScreen.swift in Sources */ = {isa = PBXBuildFile; fileRef = ABD044942BDDCE9100BD0FA4 /* HomeScreen.swift */; };
/* End PBXBuildFile section */

/* Begin PBXFileReference section */
		ABD044712BDDBAA500BD0FA4 /* SafeDose.app */ = {isa = PBXFileReference; explicitFileType = wrapper.application; includeInIndex = 0; path = SafeDose.app; sourceTree = BUILT_PRODUCTS_DIR; };
		ABD044742BDDBAA500BD0FA4 /* SafeDoseApp.swift */ = {isa = PBXFileReference; lastKnownFileType = sourcecode.swift; path = SafeDoseApp.swift; sourceTree = "<group>"; };
		ABD044782BDDBAA600BD0FA4 /* Assets.xcassets */ = {isa = PBXFileReference; lastKnownFileType = folder.assetcatalog; path = Assets.xcassets; sourceTree = "<group>"; };
		ABD0447B2BDDBAA600BD0FA4 /* Preview Assets.xcassets */ = {isa = PBXFileReference; lastKnownFileType = folder.assetcatalog; path = "Preview Assets.xcassets"; sourceTree = "<group>"; };
		ABD044842BDDCCC500BD0FA4 /* RootView.swift */ = {isa = PBXFileReference; lastKnownFileType = sourcecode.swift; path = RootView.swift; sourceTree = "<group>"; };
		ABD044862BDDCDAA00BD0FA4 /* EnterMedicationName.swift */ = {isa = PBXFileReference; lastKnownFileType = sourcecode.swift; path = EnterMedicationName.swift; sourceTree = "<group>"; };
		ABD044882BDDCDB900BD0FA4 /* ScanActiveIngredients.swift */ = {isa = PBXFileReference; lastKnownFileType = sourcecode.swift; path = ScanActiveIngredients.swift; sourceTree = "<group>"; };
		ABD0448A2BDDCDF000BD0FA4 /* ActiveIngredientsScanInfo.swift */ = {isa = PBXFileReference; lastKnownFileType = sourcecode.swift; path = ActiveIngredientsScanInfo.swift; sourceTree = "<group>"; };
		ABD0448C2BDDCE0C00BD0FA4 /* DirectionsScanInfo.swift */ = {isa = PBXFileReference; lastKnownFileType = sourcecode.swift; path = DirectionsScanInfo.swift; sourceTree = "<group>"; };
		ABD0448E2BDDCE1600BD0FA4 /* ScanDirections.swift */ = {isa = PBXFileReference; lastKnownFileType = sourcecode.swift; path = ScanDirections.swift; sourceTree = "<group>"; };
		ABD044902BDDCE2B00BD0FA4 /* EnterDailyDosage.swift */ = {isa = PBXFileReference; lastKnownFileType = sourcecode.swift; path = EnterDailyDosage.swift; sourceTree = "<group>"; };
		ABD044922BDDCE3D00BD0FA4 /* DosageSummary.swift */ = {isa = PBXFileReference; lastKnownFileType = sourcecode.swift; path = DosageSummary.swift; sourceTree = "<group>"; };
		ABD044942BDDCE9100BD0FA4 /* HomeScreen.swift */ = {isa = PBXFileReference; lastKnownFileType = sourcecode.swift; path = HomeScreen.swift; sourceTree = "<group>"; };
/* End PBXFileReference section */

/* Begin PBXFrameworksBuildPhase section */
		ABD0446E2BDDBAA500BD0FA4 /* Frameworks */ = {
			isa = PBXFrameworksBuildPhase;
			buildActionMask = 2147483647;
			files = (
			);
			runOnlyForDeploymentPostprocessing = 0;
		};
/* End PBXFrameworksBuildPhase section */

/* Begin PBXGroup section */
		ABD044682BDDBAA500BD0FA4 = {
			isa = PBXGroup;
			children = (
				ABD044732BDDBAA500BD0FA4 /* SafeDose */,
				ABD044722BDDBAA500BD0FA4 /* Products */,
			);
			sourceTree = "<group>";
		};
		ABD044722BDDBAA500BD0FA4 /* Products */ = {
			isa = PBXGroup;
			children = (
				ABD044712BDDBAA500BD0FA4 /* SafeDose.app */,
			);
			name = Products;
			sourceTree = "<group>";
		};
		ABD044732BDDBAA500BD0FA4 /* SafeDose */ = {
			isa = PBXGroup;
			children = (
				ABD044742BDDBAA500BD0FA4 /* SafeDoseApp.swift */,
				ABD044842BDDCCC500BD0FA4 /* RootView.swift */,
				ABD044942BDDCE9100BD0FA4 /* HomeScreen.swift */,
				ABD044862BDDCDAA00BD0FA4 /* EnterMedicationName.swift */,
				ABD0448A2BDDCDF000BD0FA4 /* ActiveIngredientsScanInfo.swift */,
				ABD044882BDDCDB900BD0FA4 /* ScanActiveIngredients.swift */,
				ABD0448C2BDDCE0C00BD0FA4 /* DirectionsScanInfo.swift */,
				ABD0448E2BDDCE1600BD0FA4 /* ScanDirections.swift */,
				ABD044902BDDCE2B00BD0FA4 /* EnterDailyDosage.swift */,
				ABD044922BDDCE3D00BD0FA4 /* DosageSummary.swift */,
				ABD044782BDDBAA600BD0FA4 /* Assets.xcassets */,
				ABD0447A2BDDBAA600BD0FA4 /* Preview Content */,
			);
			path = SafeDose;
			sourceTree = "<group>";
		};
		ABD0447A2BDDBAA600BD0FA4 /* Preview Content */ = {
			isa = PBXGroup;
			children = (
				ABD0447B2BDDBAA600BD0FA4 /* Preview Assets.xcassets */,
			);
			path = "Preview Content";
			sourceTree = "<group>";
		};
/* End PBXGroup section */

/* Begin PBXNativeTarget section */
		ABD044702BDDBAA500BD0FA4 /* SafeDose */ = {
			isa = PBXNativeTarget;
			buildConfigurationList = ABD0447F2BDDBAA600BD0FA4 /* Build configuration list for PBXNativeTarget "SafeDose" */;
			buildPhases = (
				ABD0446D2BDDBAA500BD0FA4 /* Sources */,
				ABD0446E2BDDBAA500BD0FA4 /* Frameworks */,
				ABD0446F2BDDBAA500BD0FA4 /* Resources */,
			);
			buildRules = (
			);
			dependencies = (
			);
			name = SafeDose;
			productName = SafeDose;
			productReference = ABD044712BDDBAA500BD0FA4 /* SafeDose.app */;
			productType = "com.apple.product-type.application";
		};
/* End PBXNativeTarget section */

/* Begin PBXProject section */
		ABD044692BDDBAA500BD0FA4 /* Project object */ = {
			isa = PBXProject;
			attributes = {
				BuildIndependentTargetsInParallel = 1;
				LastSwiftUpdateCheck = 1520;
				LastUpgradeCheck = 1520;
				TargetAttributes = {
					ABD044702BDDBAA500BD0FA4 = {
						CreatedOnToolsVersion = 15.2;
					};
				};
			};
			buildConfigurationList = ABD0446C2BDDBAA500BD0FA4 /* Build configuration list for PBXProject "SafeDose" */;
			compatibilityVersion = "Xcode 14.0";
			developmentRegion = en;
			hasScannedForEncodings = 0;
			knownRegions = (
				en,
				Base,
			);
			mainGroup = ABD044682BDDBAA500BD0FA4;
			productRefGroup = ABD044722BDDBAA500BD0FA4 /* Products */;
			projectDirPath = "";
			projectRoot = "";
			targets = (
				ABD044702BDDBAA500BD0FA4 /* SafeDose */,
			);
		};
/* End PBXProject section */

/* Begin PBXResourcesBuildPhase section */
		ABD0446F2BDDBAA500BD0FA4 /* Resources */ = {
			isa = PBXResourcesBuildPhase;
			buildActionMask = 2147483647;
			files = (
				ABD0447C2BDDBAA600BD0FA4 /* Preview Assets.xcassets in Resources */,
				ABD044792BDDBAA600BD0FA4 /* Assets.xcassets in Resources */,
			);
			runOnlyForDeploymentPostprocessing = 0;
		};
/* End PBXResourcesBuildPhase section */

/* Begin PBXSourcesBuildPhase section */
		ABD0446D2BDDBAA500BD0FA4 /* Sources */ = {
			isa = PBXSourcesBuildPhase;
			buildActionMask = 2147483647;
			files = (
				ABD0448D2BDDCE0C00BD0FA4 /* DirectionsScanInfo.swift in Sources */,
				ABD044932BDDCE3D00BD0FA4 /* DosageSummary.swift in Sources */,
				ABD044872BDDCDAA00BD0FA4 /* EnterMedicationName.swift in Sources */,
				ABD044852BDDCCC500BD0FA4 /* RootView.swift in Sources */,
				ABD044892BDDCDB900BD0FA4 /* ScanActiveIngredients.swift in Sources */,
				ABD044752BDDBAA500BD0FA4 /* SafeDoseApp.swift in Sources */,
				ABD0448B2BDDCDF000BD0FA4 /* ActiveIngredientsScanInfo.swift in Sources */,
				ABD044952BDDCE9100BD0FA4 /* HomeScreen.swift in Sources */,
				ABD0448F2BDDCE1600BD0FA4 /* ScanDirections.swift in Sources */,
				ABD044912BDDCE2B00BD0FA4 /* EnterDailyDosage.swift in Sources */,
			);
			runOnlyForDeploymentPostprocessing = 0;
		};
/* End PBXSourcesBuildPhase section */

/* Begin XCBuildConfiguration section */
		ABD0447D2BDDBAA600BD0FA4 /* Debug */ = {
			isa = XCBuildConfiguration;
			buildSettings = {
				ALWAYS_SEARCH_USER_PATHS = NO;
				ASSETCATALOG_COMPILER_GENERATE_SWIFT_ASSET_SYMBOL_EXTENSIONS = YES;
				CLANG_ANALYZER_NONNULL = YES;
				CLANG_ANALYZER_NUMBER_OBJECT_CONVERSION = YES_AGGRESSIVE;
				CLANG_CXX_LANGUAGE_STANDARD = "gnu++20";
				CLANG_ENABLE_MODULES = YES;
				CLANG_ENABLE_OBJC_ARC = YES;
				CLANG_ENABLE_OBJC_WEAK = YES;
				CLANG_WARN_BLOCK_CAPTURE_AUTORELEASING = YES;
				CLANG_WARN_BOOL_CONVERSION = YES;
				CLANG_WARN_COMMA = YES;
				CLANG_WARN_CONSTANT_CONVERSION = YES;
				CLANG_WARN_DEPRECATED_OBJC_IMPLEMENTATIONS = YES;
				CLANG_WARN_DIRECT_OBJC_ISA_USAGE = YES_ERROR;
				CLANG_WARN_DOCUMENTATION_COMMENTS = YES;
				CLANG_WARN_EMPTY_BODY = YES;
				CLANG_WARN_ENUM_CONVERSION = YES;
				CLANG_WARN_INFINITE_RECURSION = YES;
				CLANG_WARN_INT_CONVERSION = YES;
				CLANG_WARN_NON_LITERAL_NULL_CONVERSION = YES;
				CLANG_WARN_OBJC_IMPLICIT_RETAIN_SELF = YES;
				CLANG_WARN_OBJC_LITERAL_CONVERSION = YES;
				CLANG_WARN_OBJC_ROOT_CLASS = YES_ERROR;
				CLANG_WARN_QUOTED_INCLUDE_IN_FRAMEWORK_HEADER = YES;
				CLANG_WARN_RANGE_LOOP_ANALYSIS = YES;
				CLANG_WARN_STRICT_PROTOTYPES = YES;
				CLANG_WARN_SUSPICIOUS_MOVE = YES;
				CLANG_WARN_UNGUARDED_AVAILABILITY = YES_AGGRESSIVE;
				CLANG_WARN_UNREACHABLE_CODE = YES;
				CLANG_WARN__DUPLICATE_METHOD_MATCH = YES;
				COPY_PHASE_STRIP = NO;
				DEBUG_INFORMATION_FORMAT = dwarf;
				ENABLE_STRICT_OBJC_MSGSEND = YES;
				ENABLE_TESTABILITY = YES;
				ENABLE_USER_SCRIPT_SANDBOXING = YES;
				GCC_C_LANGUAGE_STANDARD = gnu17;
				GCC_DYNAMIC_NO_PIC = NO;
				GCC_NO_COMMON_BLOCKS = YES;
				GCC_OPTIMIZATION_LEVEL = 0;
				GCC_PREPROCESSOR_DEFINITIONS = (
					"DEBUG=1",
					"$(inherited)",
				);
				GCC_WARN_64_TO_32_BIT_CONVERSION = YES;
				GCC_WARN_ABOUT_RETURN_TYPE = YES_ERROR;
				GCC_WARN_UNDECLARED_SELECTOR = YES;
				GCC_WARN_UNINITIALIZED_AUTOS = YES_AGGRESSIVE;
				GCC_WARN_UNUSED_FUNCTION = YES;
				GCC_WARN_UNUSED_VARIABLE = YES;
				IPHONEOS_DEPLOYMENT_TARGET = 17.2;
				LOCALIZATION_PREFERS_STRING_CATALOGS = YES;
				MTL_ENABLE_DEBUG_INFO = INCLUDE_SOURCE;
				MTL_FAST_MATH = YES;
				ONLY_ACTIVE_ARCH = YES;
				SDKROOT = iphoneos;
				SWIFT_ACTIVE_COMPILATION_CONDITIONS = "DEBUG $(inherited)";
				SWIFT_OPTIMIZATION_LEVEL = "-Onone";
			};
			name = Debug;
		};
		ABD0447E2BDDBAA600BD0FA4 /* Release */ = {
			isa = XCBuildConfiguration;
			buildSettings = {
				ALWAYS_SEARCH_USER_PATHS = NO;
				ASSETCATALOG_COMPILER_GENERATE_SWIFT_ASSET_SYMBOL_EXTENSIONS = YES;
				CLANG_ANALYZER_NONNULL = YES;
				CLANG_ANALYZER_NUMBER_OBJECT_CONVERSION = YES_AGGRESSIVE;
				CLANG_CXX_LANGUAGE_STANDARD = "gnu++20";
				CLANG_ENABLE_MODULES = YES;
				CLANG_ENABLE_OBJC_ARC = YES;
				CLANG_ENABLE_OBJC_WEAK = YES;
				CLANG_WARN_BLOCK_CAPTURE_AUTORELEASING = YES;
				CLANG_WARN_BOOL_CONVERSION = YES;
				CLANG_WARN_COMMA = YES;
				CLANG_WARN_CONSTANT_CONVERSION = YES;
				CLANG_WARN_DEPRECATED_OBJC_IMPLEMENTATIONS = YES;
				CLANG_WARN_DIRECT_OBJC_ISA_USAGE = YES_ERROR;
				CLANG_WARN_DOCUMENTATION_COMMENTS = YES;
				CLANG_WARN_EMPTY_BODY = YES;
				CLANG_WARN_ENUM_CONVERSION = YES;
				CLANG_WARN_INFINITE_RECURSION = YES;
				CLANG_WARN_INT_CONVERSION = YES;
				CLANG_WARN_NON_LITERAL_NULL_CONVERSION = YES;
				CLANG_WARN_OBJC_IMPLICIT_RETAIN_SELF = YES;
				CLANG_WARN_OBJC_LITERAL_CONVERSION = YES;
				CLANG_WARN_OBJC_ROOT_CLASS = YES_ERROR;
				CLANG_WARN_QUOTED_INCLUDE_IN_FRAMEWORK_HEADER = YES;
				CLANG_WARN_RANGE_LOOP_ANALYSIS = YES;
				CLANG_WARN_STRICT_PROTOTYPES = YES;
				CLANG_WARN_SUSPICIOUS_MOVE = YES;
				CLANG_WARN_UNGUARDED_AVAILABILITY = YES_AGGRESSIVE;
				CLANG_WARN_UNREACHABLE_CODE = YES;
				CLANG_WARN__DUPLICATE_METHOD_MATCH = YES;
				COPY_PHASE_STRIP = NO;
				DEBUG_INFORMATION_FORMAT = "dwarf-with-dsym";
				ENABLE_NS_ASSERTIONS = NO;
				ENABLE_STRICT_OBJC_MSGSEND = YES;
				ENABLE_USER_SCRIPT_SANDBOXING = YES;
				GCC_C_LANGUAGE_STANDARD = gnu17;
				GCC_NO_COMMON_BLOCKS = YES;
				GCC_WARN_64_TO_32_BIT_CONVERSION = YES;
				GCC_WARN_ABOUT_RETURN_TYPE = YES_ERROR;
				GCC_WARN_UNDECLARED_SELECTOR = YES;
				GCC_WARN_UNINITIALIZED_AUTOS = YES_AGGRESSIVE;
				GCC_WARN_UNUSED_FUNCTION = YES;
				GCC_WARN_UNUSED_VARIABLE = YES;
				IPHONEOS_DEPLOYMENT_TARGET = 17.2;
				LOCALIZATION_PREFERS_STRING_CATALOGS = YES;
				MTL_ENABLE_DEBUG_INFO = NO;
				MTL_FAST_MATH = YES;
				SDKROOT = iphoneos;
				SWIFT_COMPILATION_MODE = wholemodule;
				VALIDATE_PRODUCT = YES;
			};
			name = Release;
		};
		ABD044802BDDBAA600BD0FA4 /* Debug */ = {
			isa = XCBuildConfiguration;
			buildSettings = {
				ASSETCATALOG_COMPILER_APPICON_NAME = AppIcon;
				ASSETCATALOG_COMPILER_GLOBAL_ACCENT_COLOR_NAME = AccentColor;
				CODE_SIGN_STYLE = Automatic;
				CURRENT_PROJECT_VERSION = 1;
				DEVELOPMENT_ASSET_PATHS = "\"SafeDose/Preview Content\"";
				DEVELOPMENT_TEAM = LK4997QHS7;
				ENABLE_PREVIEWS = YES;
				GENERATE_INFOPLIST_FILE = YES;
				INFOPLIST_KEY_UIApplicationSceneManifest_Generation = YES;
				INFOPLIST_KEY_UIApplicationSupportsIndirectInputEvents = YES;
				INFOPLIST_KEY_UILaunchScreen_Generation = YES;
				INFOPLIST_KEY_UISupportedInterfaceOrientations_iPad = "UIInterfaceOrientationPortrait UIInterfaceOrientationPortraitUpsideDown UIInterfaceOrientationLandscapeLeft UIInterfaceOrientationLandscapeRight";
				INFOPLIST_KEY_UISupportedInterfaceOrientations_iPhone = "UIInterfaceOrientationPortrait UIInterfaceOrientationLandscapeLeft UIInterfaceOrientationLandscapeRight";
				LD_RUNPATH_SEARCH_PATHS = (
					"$(inherited)",
					"@executable_path/Frameworks",
				);
				MARKETING_VERSION = 1.0;
				PRODUCT_BUNDLE_IDENTIFIER = com.macintAsh.SafeDose;
				PRODUCT_NAME = "$(TARGET_NAME)";
				SWIFT_EMIT_LOC_STRINGS = YES;
				SWIFT_VERSION = 5.0;
				TARGETED_DEVICE_FAMILY = "1,2";
			};
			name = Debug;
		};
		ABD044812BDDBAA600BD0FA4 /* Release */ = {
			isa = XCBuildConfiguration;
			buildSettings = {
				ASSETCATALOG_COMPILER_APPICON_NAME = AppIcon;
				ASSETCATALOG_COMPILER_GLOBAL_ACCENT_COLOR_NAME = AccentColor;
				CODE_SIGN_STYLE = Automatic;
				CURRENT_PROJECT_VERSION = 1;
				DEVELOPMENT_ASSET_PATHS = "\"SafeDose/Preview Content\"";
				DEVELOPMENT_TEAM = LK4997QHS7;
				ENABLE_PREVIEWS = YES;
				GENERATE_INFOPLIST_FILE = YES;
				INFOPLIST_KEY_UIApplicationSceneManifest_Generation = YES;
				INFOPLIST_KEY_UIApplicationSupportsIndirectInputEvents = YES;
				INFOPLIST_KEY_UILaunchScreen_Generation = YES;
				INFOPLIST_KEY_UISupportedInterfaceOrientations_iPad = "UIInterfaceOrientationPortrait UIInterfaceOrientationPortraitUpsideDown UIInterfaceOrientationLandscapeLeft UIInterfaceOrientationLandscapeRight";
				INFOPLIST_KEY_UISupportedInterfaceOrientations_iPhone = "UIInterfaceOrientationPortrait UIInterfaceOrientationLandscapeLeft UIInterfaceOrientationLandscapeRight";
				LD_RUNPATH_SEARCH_PATHS = (
					"$(inherited)",
					"@executable_path/Frameworks",
				);
				MARKETING_VERSION = 1.0;
				PRODUCT_BUNDLE_IDENTIFIER = com.macintAsh.SafeDose;
				PRODUCT_NAME = "$(TARGET_NAME)";
				SWIFT_EMIT_LOC_STRINGS = YES;
				SWIFT_VERSION = 5.0;
				TARGETED_DEVICE_FAMILY = "1,2";
			};
			name = Release;
		};
/* End XCBuildConfiguration section */

/* Begin XCConfigurationList section */
		ABD0446C2BDDBAA500BD0FA4 /* Build configuration list for PBXProject "SafeDose" */ = {
			isa = XCConfigurationList;
			buildConfigurations = (
				ABD0447D2BDDBAA600BD0FA4 /* Debug */,
				ABD0447E2BDDBAA600BD0FA4 /* Release */,
			);
			defaultConfigurationIsVisible = 0;
			defaultConfigurationName = Release;
		};
		ABD0447F2BDDBAA600BD0FA4 /* Build configuration list for PBXNativeTarget "SafeDose" */ = {
			isa = XCConfigurationList;
			buildConfigurations = (
				ABD044802BDDBAA600BD0FA4 /* Debug */,
				ABD044812BDDBAA600BD0FA4 /* Release */,
			);
			defaultConfigurationIsVisible = 0;
			defaultConfigurationName = Release;
		};
/* End XCConfigurationList section */
	};
	rootObject = ABD044692BDDBAA500BD0FA4 /* Project object */;
}
